
Microsoft Visual Studio Solution File, Format Version 12.00
# Visual Studio Version 17
VisualStudioVersion = 17.9.34622.214
MinimumVisualStudioVersion = 10.0.40219.1
Project("{FAE04EC0-301F-11D3-BF4B-00C04F79EFBC}") = "ReactWithASP.Server", "ReactWithASP.Server\ReactWithASP.Server.csproj", "{C8008674-CBC5-4CEA-BB1A-1F95451BA47D}"
EndProject
Project("{54A90642-561A-4BB1-A94E-469ADEE60C69}") = "reactwithasp.client", "reactwithasp.client\reactwithasp.client.esproj", "{D2DFD937-60E5-4CAE-A237-E1AC3D4B58ED}"
EndProject
Global
	GlobalSection(SolutionConfigurationPlatforms) = preSolution
		Debug|Any CPU = Debug|Any CPU
		Release|Any CPU = Release|Any CPU
	EndGlobalSection
	GlobalSection(ProjectConfigurationPlatforms) = postSolution
		{C8008674-CBC5-4CEA-BB1A-1F95451BA47D}.Debug|Any CPU.ActiveCfg = Debug|Any CPU
		{C8008674-CBC5-4CEA-BB1A-1F95451BA47D}.Debug|Any CPU.Build.0 = Debug|Any CPU
		{C8008674-CBC5-4CEA-BB1A-1F95451BA47D}.Release|Any CPU.ActiveCfg = Release|Any CPU
		{C8008674-CBC5-4CEA-BB1A-1F95451BA47D}.Release|Any CPU.Build.0 = Release|Any CPU
		{D2DFD937-60E5-4CAE-A237-E1AC3D4B58ED}.Debug|Any CPU.ActiveCfg = Debug|Any CPU
		{D2DFD937-60E5-4CAE-A237-E1AC3D4B58ED}.Debug|Any CPU.Build.0 = Debug|Any CPU
		{D2DFD937-60E5-4CAE-A237-E1AC3D4B58ED}.Debug|Any CPU.Deploy.0 = Debug|Any CPU
		{D2DFD937-60E5-4CAE-A237-E1AC3D4B58ED}.Release|Any CPU.ActiveCfg = Release|Any CPU
		{D2DFD937-60E5-4CAE-A237-E1AC3D4B58ED}.Release|Any CPU.Build.0 = Release|Any CPU
		{D2DFD937-60E5-4CAE-A237-E1AC3D4B58ED}.Release|Any CPU.Deploy.0 = Release|Any CPU
	EndGlobalSection
	GlobalSection(SolutionProperties) = preSolution
		HideSolutionNode = FALSE
	EndGlobalSection
	GlobalSection(ExtensibilityGlobals) = postSolution
		SolutionGuid = {3D8C65A8-9728-4B81-96DF-2ED25530E362}
	EndGlobalSection
EndGlobal
